// !$*UTF8*$!
{
	archiveVersion = 1;
	classes = {
	};
	objectVersion = 50;
	objects = {

/* Begin PBXBuildFile section */
		CCE57669251190580038B2D9 /* AppDelegate.swift in Sources */ = {isa = PBXBuildFile; fileRef = CCE57668251190580038B2D9 /* AppDelegate.swift */; };
		CCE5766B251190580038B2D9 /* SceneDelegate.swift in Sources */ = {isa = PBXBuildFile; fileRef = CCE5766A251190580038B2D9 /* SceneDelegate.swift */; };
		CCE5766D251190580038B2D9 /* ViewController.swift in Sources */ = {isa = PBXBuildFile; fileRef = CCE5766C251190580038B2D9 /* ViewController.swift */; };
		CCE57670251190580038B2D9 /* Main.storyboard in Resources */ = {isa = PBXBuildFile; fileRef = CCE5766E251190580038B2D9 /* Main.storyboard */; };
		CCE576722511905C0038B2D9 /* Assets.xcassets in Resources */ = {isa = PBXBuildFile; fileRef = CCE576712511905C0038B2D9 /* Assets.xcassets */; };
		CCE576752511905C0038B2D9 /* LaunchScreen.storyboard in Resources */ = {isa = PBXBuildFile; fileRef = CCE576732511905C0038B2D9 /* LaunchScreen.storyboard */; };
		CCE57681251196780038B2D9 /* ZipCodeFieldDelegate.swift in Sources */ = {isa = PBXBuildFile; fileRef = CCE57680251196780038B2D9 /* ZipCodeFieldDelegate.swift */; };
		CCE576832511A0360038B2D9 /* CashTextFieldDelegate.swift in Sources */ = {isa = PBXBuildFile; fileRef = CCE576822511A0360038B2D9 /* CashTextFieldDelegate.swift */; };
/* End PBXBuildFile section */

/* Begin PBXFileReference section */
		CCE57665251190580038B2D9 /* Text Fields Challenge.app */ = {isa = PBXFileReference; explicitFileType = wrapper.application; includeInIndex = 0; path = "Text Fields Challenge.app"; sourceTree = BUILT_PRODUCTS_DIR; };
		CCE57668251190580038B2D9 /* AppDelegate.swift */ = {isa = PBXFileReference; lastKnownFileType = sourcecode.swift; path = AppDelegate.swift; sourceTree = "<group>"; };
		CCE5766A251190580038B2D9 /* SceneDelegate.swift */ = {isa = PBXFileReference; lastKnownFileType = sourcecode.swift; path = SceneDelegate.swift; sourceTree = "<group>"; };
		CCE5766C251190580038B2D9 /* ViewController.swift */ = {isa = PBXFileReference; lastKnownFileType = sourcecode.swift; path = ViewController.swift; sourceTree = "<group>"; };
		CCE5766F251190580038B2D9 /* Base */ = {isa = PBXFileReference; lastKnownFileType = file.storyboard; name = Base; path = Base.lproj/Main.storyboard; sourceTree = "<group>"; };
		CCE576712511905C0038B2D9 /* Assets.xcassets */ = {isa = PBXFileReference; lastKnownFileType = folder.assetcatalog; path = Assets.xcassets; sourceTree = "<group>"; };
		CCE576742511905C0038B2D9 /* Base */ = {isa = PBXFileReference; lastKnownFileType = file.storyboard; name = Base; path = Base.lproj/LaunchScreen.storyboard; sourceTree = "<group>"; };
		CCE576762511905C0038B2D9 /* Info.plist */ = {isa = PBXFileReference; lastKnownFileType = text.plist.xml; path = Info.plist; sourceTree = "<group>"; };
		CCE57680251196780038B2D9 /* ZipCodeFieldDelegate.swift */ = {isa = PBXFileReference; lastKnownFileType = sourcecode.swift; path = ZipCodeFieldDelegate.swift; sourceTree = "<group>"; };
		CCE576822511A0360038B2D9 /* CashTextFieldDelegate.swift */ = {isa = PBXFileReference; lastKnownFileType = sourcecode.swift; path = CashTextFieldDelegate.swift; sourceTree = "<group>"; };
/* End PBXFileReference section */

/* Begin PBXFrameworksBuildPhase section */
		CCE57662251190580038B2D9 /* Frameworks */ = {
			isa = PBXFrameworksBuildPhase;
			buildActionMask = 2147483647;
			files = (
			);
			runOnlyForDeploymentPostprocessing = 0;
		};
/* End PBXFrameworksBuildPhase section */

/* Begin PBXGroup section */
		CCE5765C251190580038B2D9 = {
			isa = PBXGroup;
			children = (
				CCE57667251190580038B2D9 /* Text Fields Challenge */,
				CCE57666251190580038B2D9 /* Products */,
			);
			sourceTree = "<group>";
		};
		CCE57666251190580038B2D9 /* Products */ = {
			isa = PBXGroup;
			children = (
				CCE57665251190580038B2D9 /* Text Fields Challenge.app */,
			);
			name = Products;
			sourceTree = "<group>";
		};
		CCE57667251190580038B2D9 /* Text Fields Challenge */ = {
			isa = PBXGroup;
			children = (
				CCE57668251190580038B2D9 /* AppDelegate.swift */,
				CCE5766A251190580038B2D9 /* SceneDelegate.swift */,
				CCE5766C251190580038B2D9 /* ViewController.swift */,
				CCE5766E251190580038B2D9 /* Main.storyboard */,
				CCE5767F251196280038B2D9 /* Text Field Delegates */,
				CCE576712511905C0038B2D9 /* Assets.xcassets */,
				CCE576732511905C0038B2D9 /* LaunchScreen.storyboard */,
				CCE576762511905C0038B2D9 /* Info.plist */,
			);
			path = "Text Fields Challenge";
			sourceTree = "<group>";
		};
		CCE5767F251196280038B2D9 /* Text Field Delegates */ = {
			isa = PBXGroup;
			children = (
				CCE57680251196780038B2D9 /* ZipCodeFieldDelegate.swift */,
				CCE576822511A0360038B2D9 /* CashTextFieldDelegate.swift */,
			);
			name = "Text Field Delegates";
			sourceTree = "<group>";
		};
/* End PBXGroup section */

/* Begin PBXNativeTarget section */
		CCE57664251190580038B2D9 /* Text Fields Challenge */ = {
			isa = PBXNativeTarget;
			buildConfigurationList = CCE576792511905C0038B2D9 /* Build configuration list for PBXNativeTarget "Text Fields Challenge" */;
			buildPhases = (
				CCE57661251190580038B2D9 /* Sources */,
				CCE57662251190580038B2D9 /* Frameworks */,
				CCE57663251190580038B2D9 /* Resources */,
			);
			buildRules = (
			);
			dependencies = (
			);
			name = "Text Fields Challenge";
			productName = "Text Fields Challenge";
			productReference = CCE57665251190580038B2D9 /* Text Fields Challenge.app */;
			productType = "com.apple.product-type.application";
		};
/* End PBXNativeTarget section */

/* Begin PBXProject section */
		CCE5765D251190580038B2D9 /* Project object */ = {
			isa = PBXProject;
			attributes = {
				LastSwiftUpdateCheck = 1170;
				LastUpgradeCheck = 1170;
				ORGANIZATIONNAME = "William K Hughes";
				TargetAttributes = {
					CCE57664251190580038B2D9 = {
						CreatedOnToolsVersion = 11.7;
					};
				};
			};
			buildConfigurationList = CCE57660251190580038B2D9 /* Build configuration list for PBXProject "Text Fields Challenge" */;
			compatibilityVersion = "Xcode 9.3";
			developmentRegion = en;
			hasScannedForEncodings = 0;
			knownRegions = (
				en,
				Base,
			);
			mainGroup = CCE5765C251190580038B2D9;
			productRefGroup = CCE57666251190580038B2D9 /* Products */;
			projectDirPath = "";
			projectRoot = "";
			targets = (
				CCE57664251190580038B2D9 /* Text Fields Challenge */,
			);
		};
/* End PBXProject section */

/* Begin PBXResourcesBuildPhase section */
		CCE57663251190580038B2D9 /* Resources */ = {
			isa = PBXResourcesBuildPhase;
			buildActionMask = 2147483647;
			files = (
				CCE576752511905C0038B2D9 /* LaunchScreen.storyboard in Resources */,
				CCE576722511905C0038B2D9 /* Assets.xcassets in Resources */,
				CCE57670251190580038B2D9 /* Main.storyboard in Resources */,
			);
			runOnlyForDeploymentPostprocessing = 0;
		};
/* End PBXResourcesBuildPhase section */

/* Begin PBXSourcesBuildPhase section */
		CCE57661251190580038B2D9 /* Sources */ = {
			isa = PBXSourcesBuildPhase;
			buildActionMask = 2147483647;
			files = (
				CCE5766D251190580038B2D9 /* ViewController.swift in Sources */,
				CCE57669251190580038B2D9 /* AppDelegate.swift in Sources */,
				CCE576832511A0360038B2D9 /* CashTextFieldDelegate.swift in Sources */,
				CCE5766B251190580038B2D9 /* SceneDelegate.swift in Sources */,
				CCE57681251196780038B2D9 /* ZipCodeFieldDelegate.swift in Sources */,
			);
			runOnlyForDeploymentPostprocessing = 0;
		};
/* End PBXSourcesBuildPhase section */

/* Begin PBXVariantGroup section */
		CCE5766E251190580038B2D9 /* Main.storyboard */ = {
			isa = PBXVariantGroup;
			children = (
				CCE5766F251190580038B2D9 /* Base */,
			);
			name = Main.storyboard;
			sourceTree = "<group>";
		};
		CCE576732511905C0038B2D9 /* LaunchScreen.storyboard */ = {
			isa = PBXVariantGroup;
			children = (
				CCE576742511905C0038B2D9 /* Base */,
			);
			name = LaunchScreen.storyboard;
			sourceTree = "<group>";
		};
/* End PBXVariantGroup section */

/* Begin XCBuildConfiguration section */
		CCE576772511905C0038B2D9 /* Debug */ = {
			isa = XCBuildConfiguration;
			buildSettings = {
				ALWAYS_SEARCH_USER_PATHS = NO;
				CLANG_ANALYZER_NONNULL = YES;
				CLANG_ANALYZER_NUMBER_OBJECT_CONVERSION = YES_AGGRESSIVE;
				CLANG_CXX_LANGUAGE_STANDARD = "gnu++14";
				CLANG_CXX_LIBRARY = "libc++";
				CLANG_ENABLE_MODULES = YES;
				CLANG_ENABLE_OBJC_ARC = YES;
				CLANG_ENABLE_OBJC_WEAK = YES;
				CLANG_WARN_BLOCK_CAPTURE_AUTORELEASING = YES;
				CLANG_WARN_BOOL_CONVERSION = YES;
				CLANG_WARN_COMMA = YES;
				CLANG_WARN_CONSTANT_CONVERSION = YES;
				CLANG_WARN_DEPRECATED_OBJC_IMPLEMENTATIONS = YES;
				CLANG_WARN_DIRECT_OBJC_ISA_USAGE = YES_ERROR;
				CLANG_WARN_DOCUMENTATION_COMMENTS = YES;
				CLANG_WARN_EMPTY_BODY = YES;
				CLANG_WARN_ENUM_CONVERSION = YES;
				CLANG_WARN_INFINITE_RECURSION = YES;
				CLANG_WARN_INT_CONVERSION = YES;
				CLANG_WARN_NON_LITERAL_NULL_CONVERSION = YES;
				CLANG_WARN_OBJC_IMPLICIT_RETAIN_SELF = YES;
				CLANG_WARN_OBJC_LITERAL_CONVERSION = YES;
				CLANG_WARN_OBJC_ROOT_CLASS = YES_ERROR;
				CLANG_WARN_RANGE_LOOP_ANALYSIS = YES;
				CLANG_WARN_STRICT_PROTOTYPES = YES;
				CLANG_WARN_SUSPICIOUS_MOVE = YES;
				CLANG_WARN_UNGUARDED_AVAILABILITY = YES_AGGRESSIVE;
				CLANG_WARN_UNREACHABLE_CODE = YES;
				CLANG_WARN__DUPLICATE_METHOD_MATCH = YES;
				COPY_PHASE_STRIP = NO;
				DEBUG_INFORMATION_FORMAT = dwarf;
				ENABLE_STRICT_OBJC_MSGSEND = YES;
				ENABLE_TESTABILITY = YES;
				GCC_C_LANGUAGE_STANDARD = gnu11;
				GCC_DYNAMIC_NO_PIC = NO;
				GCC_NO_COMMON_BLOCKS = YES;
				GCC_OPTIMIZATION_LEVEL = 0;
				GCC_PREPROCESSOR_DEFINITIONS = (
					"DEBUG=1",
					"$(inherited)",
				);
				GCC_WARN_64_TO_32_BIT_CONVERSION = YES;
				GCC_WARN_ABOUT_RETURN_TYPE = YES_ERROR;
				GCC_WARN_UNDECLARED_SELECTOR = YES;
				GCC_WARN_UNINITIALIZED_AUTOS = YES_AGGRESSIVE;
				GCC_WARN_UNUSED_FUNCTION = YES;
				GCC_WARN_UNUSED_VARIABLE = YES;
				IPHONEOS_DEPLOYMENT_TARGET = 13.7;
				MTL_ENABLE_DEBUG_INFO = INCLUDE_SOURCE;
				MTL_FAST_MATH = YES;
				ONLY_ACTIVE_ARCH = YES;
				SDKROOT = iphoneos;
				SWIFT_ACTIVE_COMPILATION_CONDITIONS = DEBUG;
				SWIFT_OPTIMIZATION_LEVEL = "-Onone";
			};
			name = Debug;
		};
		CCE576782511905C0038B2D9 /* Release */ = {
			isa = XCBuildConfiguration;
			buildSettings = {
				ALWAYS_SEARCH_USER_PATHS = NO;
				CLANG_ANALYZER_NONNULL = YES;
				CLANG_ANALYZER_NUMBER_OBJECT_CONVERSION = YES_AGGRESSIVE;
				CLANG_CXX_LANGUAGE_STANDARD = "gnu++14";
				CLANG_CXX_LIBRARY = "libc++";
				CLANG_ENABLE_MODULES = YES;
				CLANG_ENABLE_OBJC_ARC = YES;
				CLANG_ENABLE_OBJC_WEAK = YES;
				CLANG_WARN_BLOCK_CAPTURE_AUTORELEASING = YES;
				CLANG_WARN_BOOL_CONVERSION = YES;
				CLANG_WARN_COMMA = YES;
				CLANG_WARN_CONSTANT_CONVERSION = YES;
				CLANG_WARN_DEPRECATED_OBJC_IMPLEMENTATIONS = YES;
				CLANG_WARN_DIRECT_OBJC_ISA_USAGE = YES_ERROR;
				CLANG_WARN_DOCUMENTATION_COMMENTS = YES;
				CLANG_WARN_EMPTY_BODY = YES;
				CLANG_WARN_ENUM_CONVERSION = YES;
				CLANG_WARN_INFINITE_RECURSION = YES;
				CLANG_WARN_INT_CONVERSION = YES;
				CLANG_WARN_NON_LITERAL_NULL_CONVERSION = YES;
				CLANG_WARN_OBJC_IMPLICIT_RETAIN_SELF = YES;
				CLANG_WARN_OBJC_LITERAL_CONVERSION = YES;
				CLANG_WARN_OBJC_ROOT_CLASS = YES_ERROR;
				CLANG_WARN_RANGE_LOOP_ANALYSIS = YES;
				CLANG_WARN_STRICT_PROTOTYPES = YES;
				CLANG_WARN_SUSPICIOUS_MOVE = YES;
				CLANG_WARN_UNGUARDED_AVAILABILITY = YES_AGGRESSIVE;
				CLANG_WARN_UNREACHABLE_CODE = YES;
				CLANG_WARN__DUPLICATE_METHOD_MATCH = YES;
				COPY_PHASE_STRIP = NO;
				DEBUG_INFORMATION_FORMAT = "dwarf-with-dsym";
				ENABLE_NS_ASSERTIONS = NO;
				ENABLE_STRICT_OBJC_MSGSEND = YES;
				GCC_C_LANGUAGE_STANDARD = gnu11;
				GCC_NO_COMMON_BLOCKS = YES;
				GCC_WARN_64_TO_32_BIT_CONVERSION = YES;
				GCC_WARN_ABOUT_RETURN_TYPE = YES_ERROR;
				GCC_WARN_UNDECLARED_SELECTOR = YES;
				GCC_WARN_UNINITIALIZED_AUTOS = YES_AGGRESSIVE;
				GCC_WARN_UNUSED_FUNCTION = YES;
				GCC_WARN_UNUSED_VARIABLE = YES;
				IPHONEOS_DEPLOYMENT_TARGET = 13.7;
				MTL_ENABLE_DEBUG_INFO = NO;
				MTL_FAST_MATH = YES;
				SDKROOT = iphoneos;
				SWIFT_COMPILATION_MODE = wholemodule;
				SWIFT_OPTIMIZATION_LEVEL = "-O";
				VALIDATE_PRODUCT = YES;
			};
			name = Release;
		};
		CCE5767A2511905C0038B2D9 /* Debug */ = {
			isa = XCBuildConfiguration;
			buildSettings = {
				ASSETCATALOG_COMPILER_APPICON_NAME = AppIcon;
				CODE_SIGN_STYLE = Automatic;
				DEVELOPMENT_TEAM = 42T8X35HTY;
				INFOPLIST_FILE = "Text Fields Challenge/Info.plist";
				LD_RUNPATH_SEARCH_PATHS = (
					"$(inherited)",
					"@executable_path/Frameworks",
				);
				PRODUCT_BUNDLE_IDENTIFIER = "williamkhughes.Text-Fields-Challenge";
				PRODUCT_NAME = "$(TARGET_NAME)";
				SWIFT_VERSION = 5.0;
				TARGETED_DEVICE_FAMILY = "1,2";
			};
			name = Debug;
		};
		CCE5767B2511905C0038B2D9 /* Release */ = {
			isa = XCBuildConfiguration;
			buildSettings = {
				ASSETCATALOG_COMPILER_APPICON_NAME = AppIcon;
				CODE_SIGN_STYLE = Automatic;
				DEVELOPMENT_TEAM = 42T8X35HTY;
				INFOPLIST_FILE = "Text Fields Challenge/Info.plist";
				LD_RUNPATH_SEARCH_PATHS = (
					"$(inherited)",
					"@executable_path/Frameworks",
				);
				PRODUCT_BUNDLE_IDENTIFIER = "williamkhughes.Text-Fields-Challenge";
				PRODUCT_NAME = "$(TARGET_NAME)";
				SWIFT_VERSION = 5.0;
				TARGETED_DEVICE_FAMILY = "1,2";
			};
			name = Release;
		};
/* End XCBuildConfiguration section */

/* Begin XCConfigurationList section */
		CCE57660251190580038B2D9 /* Build configuration list for PBXProject "Text Fields Challenge" */ = {
			isa = XCConfigurationList;
			buildConfigurations = (
				CCE576772511905C0038B2D9 /* Debug */,
				CCE576782511905C0038B2D9 /* Release */,
			);
			defaultConfigurationIsVisible = 0;
			defaultConfigurationName = Release;
		};
		CCE576792511905C0038B2D9 /* Build configuration list for PBXNativeTarget "Text Fields Challenge" */ = {
			isa = XCConfigurationList;
			buildConfigurations = (
				CCE5767A2511905C0038B2D9 /* Debug */,
				CCE5767B2511905C0038B2D9 /* Release */,
			);
			defaultConfigurationIsVisible = 0;
			defaultConfigurationName = Release;
		};
/* End XCConfigurationList section */
	};
	rootObject = CCE5765D251190580038B2D9 /* Project object */;
}
